
Microsoft Visual Studio Solution File, Format Version 12.00
# Visual Studio Version 16
VisualStudioVersion = 16.0.32413.511
MinimumVisualStudioVersion = 10.0.40219.1
Project("{FAE04EC0-301F-11D3-BF4B-00C04F79EFBC}") = "Bubble Sort Simulation", "Bubble Sort Simulation\Bubble Sort Simulation.csproj", "{F3B97F93-2D98-454B-A05E-C47D24DBD44A}"
EndProject
Global
	GlobalSection(SolutionConfigurationPlatforms) = preSolution
		Debug|Any CPU = Debug|Any CPU
		Release|Any CPU = Release|Any CPU
	EndGlobalSection
	GlobalSection(ProjectConfigurationPlatforms) = postSolution
		{F3B97F93-2D98-454B-A05E-C47D24DBD44A}.Debug|Any CPU.ActiveCfg = Debug|Any CPU
		{F3B97F93-2D98-454B-A05E-C47D24DBD44A}.Debug|Any CPU.Build.0 = Debug|Any CPU
		{F3B97F93-2D98-454B-A05E-C47D24DBD44A}.Release|Any CPU.ActiveCfg = Release|Any CPU
		{F3B97F93-2D98-454B-A05E-C47D24DBD44A}.Release|Any CPU.Build.0 = Release|Any CPU
	EndGlobalSection
	GlobalSection(SolutionProperties) = preSolution
		HideSolutionNode = FALSE
	EndGlobalSection
	GlobalSection(ExtensibilityGlobals) = postSolution
		SolutionGuid = {EAFA02EA-B376-44A8-939A-5001132CB359}
	EndGlobalSection
EndGlobal
